
Microsoft Visual Studio Solution File, Format Version 12.00
# Visual Studio Version 17
VisualStudioVersion = 17.0.31903.59
MinimumVisualStudioVersion = 10.0.40219.1
Project("{2150E333-8FDC-42A3-9474-1A3956D46DE8}") = "src", "src", "{827E0CD3-B72D-47B6-A68D-7590B98EB39B}"
EndProject
Project("{FAE04EC0-301F-11D3-BF4B-00C04F79EFBC}") = "Shared", "src\Shared\Shared.csproj", "{DC86DD8A-484D-4E93-840E-7F0258017BCF}"
EndProject
Project("{FAE04EC0-301F-11D3-BF4B-00C04F79EFBC}") = "Security", "src\Security\Security.csproj", "{B9353AF8-94B5-48A5-ADE3-8644086BE743}"
EndProject
Project("{FAE04EC0-301F-11D3-BF4B-00C04F79EFBC}") = "CorePolicyEngine", "src\CorePolicyEngine\CorePolicyEngine.csproj", "{BE07C215-DAC9-4506-AE45-167594784EED}"
EndProject
Project("{FAE04EC0-301F-11D3-BF4B-00C04F79EFBC}") = "EnterpriseDashboard", "src\EnterpriseDashboard\EnterpriseDashboard.csproj", "{DBFB488C-E8B4-4275-B7AC-BC4C36E4E17A}"
EndProject
Project("{FAE04EC0-301F-11D3-BF4B-00C04F79EFBC}") = "ClientApp", "src\ClientApp\ClientApp.csproj", "{5D23A667-1EDC-4EE6-92C5-AA7D1516EF27}"
EndProject
Project("{FAE04EC0-301F-11D3-BF4B-00C04F79EFBC}") = "Shared.Tests", "tests\Shared.Tests\Shared.Tests.csproj", "{ADFDE5B8-CABF-4E2E-95DA-40A477D178BE}"
EndProject
Project("{FAE04EC0-301F-11D3-BF4B-00C04F79EFBC}") = "CorePolicyEngine.Tests", "tests\CorePolicyEngine.Tests\CorePolicyEngine.Tests.csproj", "{F839C384-05BC-4E4E-9319-8F1AA3C3F896}"
EndProject
Project("{2150E333-8FDC-42A3-9474-1A3956D46DE8}") = "tests", "tests", "{02EA681E-C7D8-13C7-8484-4AC65E1B71E8}"
EndProject
Project("{2150E333-8FDC-42A3-9474-1A3956D46DE8}") = "docs", "docs", "{63C0BA66-A8A7-4F1F-923D-551AE2716F6E}"
	ProjectSection(SolutionItems) = preProject
		docs\ARCHITECTURE.md = docs\ARCHITECTURE.md
		docs\PhaseOne.md = docs\PhaseOne.md
		docs\README-ARCH.md.txt = docs\README-ARCH.md.txt
	EndProjectSection
EndProject
Project("{2150E333-8FDC-42A3-9474-1A3956D46DE8}") = ".github", ".github", "{06E7899B-3DB4-407E-A2FA-84A972E81297}"
	ProjectSection(SolutionItems) = preProject
		.github\Copilot-Instructions.md = .github\Copilot-Instructions.md
	EndProjectSection
EndProject
Project("{2150E333-8FDC-42A3-9474-1A3956D46DE8}") = "workflows", "workflows", "{21DFD5E3-8E58-4B71-B849-069711C836E0}"
EndProject
Project("{2150E333-8FDC-42A3-9474-1A3956D46DE8}") = "build", "build", "{7423D766-811B-46DB-A665-52FCAC3AC4A9}"
EndProject
Global
	GlobalSection(SolutionConfigurationPlatforms) = preSolution
		Debug|Any CPU = Debug|Any CPU
		Debug|x64 = Debug|x64
		Debug|x86 = Debug|x86
		Debug2|Any CPU = Debug2|Any CPU
		Debug2|x64 = Debug2|x64
		Debug2|x86 = Debug2|x86
		Release|Any CPU = Release|Any CPU
		Release|x64 = Release|x64
		Release|x86 = Release|x86
	EndGlobalSection
	GlobalSection(ProjectConfigurationPlatforms) = postSolution
		{DC86DD8A-484D-4E93-840E-7F0258017BCF}.Debug|Any CPU.ActiveCfg = Debug|Any CPU
		{DC86DD8A-484D-4E93-840E-7F0258017BCF}.Debug|Any CPU.Build.0 = Debug|Any CPU
		{DC86DD8A-484D-4E93-840E-7F0258017BCF}.Debug|x64.ActiveCfg = Debug|Any CPU
		{DC86DD8A-484D-4E93-840E-7F0258017BCF}.Debug|x64.Build.0 = Debug|Any CPU
		{DC86DD8A-484D-4E93-840E-7F0258017BCF}.Debug|x86.ActiveCfg = Debug|Any CPU
		{DC86DD8A-484D-4E93-840E-7F0258017BCF}.Debug|x86.Build.0 = Debug|Any CPU
		{DC86DD8A-484D-4E93-840E-7F0258017BCF}.Debug2|Any CPU.ActiveCfg = Debug|Any CPU
		{DC86DD8A-484D-4E93-840E-7F0258017BCF}.Debug2|Any CPU.Build.0 = Debug|Any CPU
		{DC86DD8A-484D-4E93-840E-7F0258017BCF}.Debug2|x64.ActiveCfg = Debug|Any CPU
		{DC86DD8A-484D-4E93-840E-7F0258017BCF}.Debug2|x64.Build.0 = Debug|Any CPU
		{DC86DD8A-484D-4E93-840E-7F0258017BCF}.Debug2|x86.ActiveCfg = Debug|Any CPU
		{DC86DD8A-484D-4E93-840E-7F0258017BCF}.Debug2|x86.Build.0 = Debug|Any CPU
		{DC86DD8A-484D-4E93-840E-7F0258017BCF}.Release|Any CPU.ActiveCfg = Release|Any CPU
		{DC86DD8A-484D-4E93-840E-7F0258017BCF}.Release|Any CPU.Build.0 = Release|Any CPU
		{DC86DD8A-484D-4E93-840E-7F0258017BCF}.Release|x64.ActiveCfg = Release|Any CPU
		{DC86DD8A-484D-4E93-840E-7F0258017BCF}.Release|x64.Build.0 = Release|Any CPU
		{DC86DD8A-484D-4E93-840E-7F0258017BCF}.Release|x86.ActiveCfg = Release|Any CPU
		{DC86DD8A-484D-4E93-840E-7F0258017BCF}.Release|x86.Build.0 = Release|Any CPU
		{B9353AF8-94B5-48A5-ADE3-8644086BE743}.Debug|Any CPU.ActiveCfg = Debug|Any CPU
		{B9353AF8-94B5-48A5-ADE3-8644086BE743}.Debug|Any CPU.Build.0 = Debug|Any CPU
		{B9353AF8-94B5-48A5-ADE3-8644086BE743}.Debug|x64.ActiveCfg = Debug|Any CPU
		{B9353AF8-94B5-48A5-ADE3-8644086BE743}.Debug|x64.Build.0 = Debug|Any CPU
		{B9353AF8-94B5-48A5-ADE3-8644086BE743}.Debug|x86.ActiveCfg = Debug|Any CPU
		{B9353AF8-94B5-48A5-ADE3-8644086BE743}.Debug|x86.Build.0 = Debug|Any CPU
		{B9353AF8-94B5-48A5-ADE3-8644086BE743}.Debug2|Any CPU.ActiveCfg = Debug|Any CPU
		{B9353AF8-94B5-48A5-ADE3-8644086BE743}.Debug2|Any CPU.Build.0 = Debug|Any CPU
		{B9353AF8-94B5-48A5-ADE3-8644086BE743}.Debug2|x64.ActiveCfg = Debug|Any CPU
		{B9353AF8-94B5-48A5-ADE3-8644086BE743}.Debug2|x64.Build.0 = Debug|Any CPU
		{B9353AF8-94B5-48A5-ADE3-8644086BE743}.Debug2|x86.ActiveCfg = Debug|Any CPU
		{B9353AF8-94B5-48A5-ADE3-8644086BE743}.Debug2|x86.Build.0 = Debug|Any CPU
		{B9353AF8-94B5-48A5-ADE3-8644086BE743}.Release|Any CPU.ActiveCfg = Release|Any CPU
		{B9353AF8-94B5-48A5-ADE3-8644086BE743}.Release|Any CPU.Build.0 = Release|Any CPU
		{B9353AF8-94B5-48A5-ADE3-8644086BE743}.Release|x64.ActiveCfg = Release|Any CPU
		{B9353AF8-94B5-48A5-ADE3-8644086BE743}.Release|x64.Build.0 = Release|Any CPU
		{B9353AF8-94B5-48A5-ADE3-8644086BE743}.Release|x86.ActiveCfg = Release|Any CPU
		{B9353AF8-94B5-48A5-ADE3-8644086BE743}.Release|x86.Build.0 = Release|Any CPU
		{BE07C215-DAC9-4506-AE45-167594784EED}.Debug|Any CPU.ActiveCfg = Debug|Any CPU
		{BE07C215-DAC9-4506-AE45-167594784EED}.Debug|Any CPU.Build.0 = Debug|Any CPU
		{BE07C215-DAC9-4506-AE45-167594784EED}.Debug|x64.ActiveCfg = Debug|Any CPU
		{BE07C215-DAC9-4506-AE45-167594784EED}.Debug|x64.Build.0 = Debug|Any CPU
		{BE07C215-DAC9-4506-AE45-167594784EED}.Debug|x86.ActiveCfg = Debug|Any CPU
		{BE07C215-DAC9-4506-AE45-167594784EED}.Debug|x86.Build.0 = Debug|Any CPU
		{BE07C215-DAC9-4506-AE45-167594784EED}.Debug2|Any CPU.ActiveCfg = Debug|Any CPU
		{BE07C215-DAC9-4506-AE45-167594784EED}.Debug2|Any CPU.Build.0 = Debug|Any CPU
		{BE07C215-DAC9-4506-AE45-167594784EED}.Debug2|x64.ActiveCfg = Debug|Any CPU
		{BE07C215-DAC9-4506-AE45-167594784EED}.Debug2|x64.Build.0 = Debug|Any CPU
		{BE07C215-DAC9-4506-AE45-167594784EED}.Debug2|x86.ActiveCfg = Debug|Any CPU
		{BE07C215-DAC9-4506-AE45-167594784EED}.Debug2|x86.Build.0 = Debug|Any CPU
		{BE07C215-DAC9-4506-AE45-167594784EED}.Release|Any CPU.ActiveCfg = Release|Any CPU
		{BE07C215-DAC9-4506-AE45-167594784EED}.Release|Any CPU.Build.0 = Release|Any CPU
		{BE07C215-DAC9-4506-AE45-167594784EED}.Release|x64.ActiveCfg = Release|Any CPU
		{BE07C215-DAC9-4506-AE45-167594784EED}.Release|x64.Build.0 = Release|Any CPU
		{BE07C215-DAC9-4506-AE45-167594784EED}.Release|x86.ActiveCfg = Release|Any CPU
		{BE07C215-DAC9-4506-AE45-167594784EED}.Release|x86.Build.0 = Release|Any CPU
		{DBFB488C-E8B4-4275-B7AC-BC4C36E4E17A}.Debug|Any CPU.ActiveCfg = Debug|Any CPU
		{DBFB488C-E8B4-4275-B7AC-BC4C36E4E17A}.Debug|Any CPU.Build.0 = Debug|Any CPU
		{DBFB488C-E8B4-4275-B7AC-BC4C36E4E17A}.Debug|x64.ActiveCfg = Debug|Any CPU
		{DBFB488C-E8B4-4275-B7AC-BC4C36E4E17A}.Debug|x64.Build.0 = Debug|Any CPU
		{DBFB488C-E8B4-4275-B7AC-BC4C36E4E17A}.Debug|x86.ActiveCfg = Debug|Any CPU
		{DBFB488C-E8B4-4275-B7AC-BC4C36E4E17A}.Debug|x86.Build.0 = Debug|Any CPU
		{DBFB488C-E8B4-4275-B7AC-BC4C36E4E17A}.Debug2|Any CPU.ActiveCfg = Debug|Any CPU
		{DBFB488C-E8B4-4275-B7AC-BC4C36E4E17A}.Debug2|Any CPU.Build.0 = Debug|Any CPU
		{DBFB488C-E8B4-4275-B7AC-BC4C36E4E17A}.Debug2|x64.ActiveCfg = Debug|Any CPU
		{DBFB488C-E8B4-4275-B7AC-BC4C36E4E17A}.Debug2|x64.Build.0 = Debug|Any CPU
		{DBFB488C-E8B4-4275-B7AC-BC4C36E4E17A}.Debug2|x86.ActiveCfg = Debug|Any CPU
		{DBFB488C-E8B4-4275-B7AC-BC4C36E4E17A}.Debug2|x86.Build.0 = Debug|Any CPU
		{DBFB488C-E8B4-4275-B7AC-BC4C36E4E17A}.Release|Any CPU.ActiveCfg = Release|Any CPU
		{DBFB488C-E8B4-4275-B7AC-BC4C36E4E17A}.Release|Any CPU.Build.0 = Release|Any CPU
		{DBFB488C-E8B4-4275-B7AC-BC4C36E4E17A}.Release|x64.ActiveCfg = Release|Any CPU
		{DBFB488C-E8B4-4275-B7AC-BC4C36E4E17A}.Release|x64.Build.0 = Release|Any CPU
		{DBFB488C-E8B4-4275-B7AC-BC4C36E4E17A}.Release|x86.ActiveCfg = Release|Any CPU
		{DBFB488C-E8B4-4275-B7AC-BC4C36E4E17A}.Release|x86.Build.0 = Release|Any CPU
		{5D23A667-1EDC-4EE6-92C5-AA7D1516EF27}.Debug|Any CPU.ActiveCfg = Debug|x86
		{5D23A667-1EDC-4EE6-92C5-AA7D1516EF27}.Debug|Any CPU.Build.0 = Debug|x86
		{5D23A667-1EDC-4EE6-92C5-AA7D1516EF27}.Debug|x64.ActiveCfg = Debug|x64
		{5D23A667-1EDC-4EE6-92C5-AA7D1516EF27}.Debug|x64.Build.0 = Debug|x64
		{5D23A667-1EDC-4EE6-92C5-AA7D1516EF27}.Debug|x86.ActiveCfg = Debug|x86
		{5D23A667-1EDC-4EE6-92C5-AA7D1516EF27}.Debug|x86.Build.0 = Debug|x86
		{5D23A667-1EDC-4EE6-92C5-AA7D1516EF27}.Debug2|Any CPU.ActiveCfg = Debug2|Any CPU
		{5D23A667-1EDC-4EE6-92C5-AA7D1516EF27}.Debug2|Any CPU.Build.0 = Debug2|Any CPU
		{5D23A667-1EDC-4EE6-92C5-AA7D1516EF27}.Debug2|x64.ActiveCfg = Debug2|Any CPU
		{5D23A667-1EDC-4EE6-92C5-AA7D1516EF27}.Debug2|x64.Build.0 = Debug2|Any CPU
		{5D23A667-1EDC-4EE6-92C5-AA7D1516EF27}.Debug2|x86.ActiveCfg = Debug2|Any CPU
		{5D23A667-1EDC-4EE6-92C5-AA7D1516EF27}.Debug2|x86.Build.0 = Debug2|Any CPU
		{5D23A667-1EDC-4EE6-92C5-AA7D1516EF27}.Release|Any CPU.ActiveCfg = Release|x86
		{5D23A667-1EDC-4EE6-92C5-AA7D1516EF27}.Release|Any CPU.Build.0 = Release|x86
		{5D23A667-1EDC-4EE6-92C5-AA7D1516EF27}.Release|x64.ActiveCfg = Release|x64
		{5D23A667-1EDC-4EE6-92C5-AA7D1516EF27}.Release|x64.Build.0 = Release|x64
		{5D23A667-1EDC-4EE6-92C5-AA7D1516EF27}.Release|x86.ActiveCfg = Release|x86
		{5D23A667-1EDC-4EE6-92C5-AA7D1516EF27}.Release|x86.Build.0 = Release|x86
		{ADFDE5B8-CABF-4E2E-95DA-40A477D178BE}.Debug|Any CPU.ActiveCfg = Debug|Any CPU
		{ADFDE5B8-CABF-4E2E-95DA-40A477D178BE}.Debug|Any CPU.Build.0 = Debug|Any CPU
		{ADFDE5B8-CABF-4E2E-95DA-40A477D178BE}.Debug|x64.ActiveCfg = Debug|Any CPU
		{ADFDE5B8-CABF-4E2E-95DA-40A477D178BE}.Debug|x64.Build.0 = Debug|Any CPU
		{ADFDE5B8-CABF-4E2E-95DA-40A477D178BE}.Debug|x86.ActiveCfg = Debug|Any CPU
		{ADFDE5B8-CABF-4E2E-95DA-40A477D178BE}.Debug|x86.Build.0 = Debug|Any CPU
		{ADFDE5B8-CABF-4E2E-95DA-40A477D178BE}.Debug2|Any CPU.ActiveCfg = Debug|Any CPU
		{ADFDE5B8-CABF-4E2E-95DA-40A477D178BE}.Debug2|Any CPU.Build.0 = Debug|Any CPU
		{ADFDE5B8-CABF-4E2E-95DA-40A477D178BE}.Debug2|x64.ActiveCfg = Debug|Any CPU
		{ADFDE5B8-CABF-4E2E-95DA-40A477D178BE}.Debug2|x64.Build.0 = Debug|Any CPU
		{ADFDE5B8-CABF-4E2E-95DA-40A477D178BE}.Debug2|x86.ActiveCfg = Debug|Any CPU
		{ADFDE5B8-CABF-4E2E-95DA-40A477D178BE}.Debug2|x86.Build.0 = Debug|Any CPU
		{ADFDE5B8-CABF-4E2E-95DA-40A477D178BE}.Release|Any CPU.ActiveCfg = Release|Any CPU
		{ADFDE5B8-CABF-4E2E-95DA-40A477D178BE}.Release|Any CPU.Build.0 = Release|Any CPU
		{ADFDE5B8-CABF-4E2E-95DA-40A477D178BE}.Release|x64.ActiveCfg = Release|Any CPU
		{ADFDE5B8-CABF-4E2E-95DA-40A477D178BE}.Release|x64.Build.0 = Release|Any CPU
		{ADFDE5B8-CABF-4E2E-95DA-40A477D178BE}.Release|x86.ActiveCfg = Release|Any CPU
		{ADFDE5B8-CABF-4E2E-95DA-40A477D178BE}.Release|x86.Build.0 = Release|Any CPU
		{F839C384-05BC-4E4E-9319-8F1AA3C3F896}.Debug|Any CPU.ActiveCfg = Debug|Any CPU
		{F839C384-05BC-4E4E-9319-8F1AA3C3F896}.Debug|Any CPU.Build.0 = Debug|Any CPU
		{F839C384-05BC-4E4E-9319-8F1AA3C3F896}.Debug|x64.ActiveCfg = Debug|Any CPU
		{F839C384-05BC-4E4E-9319-8F1AA3C3F896}.Debug|x64.Build.0 = Debug|Any CPU
		{F839C384-05BC-4E4E-9319-8F1AA3C3F896}.Debug|x86.ActiveCfg = Debug|Any CPU
		{F839C384-05BC-4E4E-9319-8F1AA3C3F896}.Debug|x86.Build.0 = Debug|Any CPU
		{F839C384-05BC-4E4E-9319-8F1AA3C3F896}.Debug2|Any CPU.ActiveCfg = Debug|Any CPU
		{F839C384-05BC-4E4E-9319-8F1AA3C3F896}.Debug2|Any CPU.Build.0 = Debug|Any CPU
		{F839C384-05BC-4E4E-9319-8F1AA3C3F896}.Debug2|x64.ActiveCfg = Debug|Any CPU
		{F839C384-05BC-4E4E-9319-8F1AA3C3F896}.Debug2|x64.Build.0 = Debug|Any CPU
		{F839C384-05BC-4E4E-9319-8F1AA3C3F896}.Debug2|x86.ActiveCfg = Debug|Any CPU
		{F839C384-05BC-4E4E-9319-8F1AA3C3F896}.Debug2|x86.Build.0 = Debug|Any CPU
		{F839C384-05BC-4E4E-9319-8F1AA3C3F896}.Release|Any CPU.ActiveCfg = Release|Any CPU
		{F839C384-05BC-4E4E-9319-8F1AA3C3F896}.Release|Any CPU.Build.0 = Release|Any CPU
		{F839C384-05BC-4E4E-9319-8F1AA3C3F896}.Release|x64.ActiveCfg = Release|Any CPU
		{F839C384-05BC-4E4E-9319-8F1AA3C3F896}.Release|x64.Build.0 = Release|Any CPU
		{F839C384-05BC-4E4E-9319-8F1AA3C3F896}.Release|x86.ActiveCfg = Release|Any CPU
		{F839C384-05BC-4E4E-9319-8F1AA3C3F896}.Release|x86.Build.0 = Release|Any CPU
	EndGlobalSection
	GlobalSection(SolutionProperties) = preSolution
		HideSolutionNode = FALSE
	EndGlobalSection
	GlobalSection(NestedProjects) = preSolution
		{DC86DD8A-484D-4E93-840E-7F0258017BCF} = {827E0CD3-B72D-47B6-A68D-7590B98EB39B}
		{B9353AF8-94B5-48A5-ADE3-8644086BE743} = {827E0CD3-B72D-47B6-A68D-7590B98EB39B}
		{BE07C215-DAC9-4506-AE45-167594784EED} = {827E0CD3-B72D-47B6-A68D-7590B98EB39B}
		{DBFB488C-E8B4-4275-B7AC-BC4C36E4E17A} = {827E0CD3-B72D-47B6-A68D-7590B98EB39B}
		{5D23A667-1EDC-4EE6-92C5-AA7D1516EF27} = {827E0CD3-B72D-47B6-A68D-7590B98EB39B}
		{ADFDE5B8-CABF-4E2E-95DA-40A477D178BE} = {02EA681E-C7D8-13C7-8484-4AC65E1B71E8}
		{F839C384-05BC-4E4E-9319-8F1AA3C3F896} = {02EA681E-C7D8-13C7-8484-4AC65E1B71E8}
		{21DFD5E3-8E58-4B71-B849-069711C836E0} = {06E7899B-3DB4-407E-A2FA-84A972E81297}
	EndGlobalSection
	GlobalSection(ExtensibilityGlobals) = postSolution
		SolutionGuid = {25946E15-95F6-451B-BA78-D526295271D1}
	EndGlobalSection
EndGlobal
