
Microsoft Visual Studio Solution File, Format Version 12.00
# Visual Studio Version 18
VisualStudioVersion = 18.3.11312.210 d18.3
MinimumVisualStudioVersion = 10.0.40219.1
Project("{2150E333-8FDC-42A3-9474-1A3956D46DE8}") = "scripts", "scripts", "{7F4C6E06-964F-5507-B7E3-52279842BB82}"
	ProjectSection(SolutionItems) = preProject
		scripts\coverage.ps1 = scripts\coverage.ps1
	EndProjectSection
EndProject
Project("{2150E333-8FDC-42A3-9474-1A3956D46DE8}") = "onboarding", "onboarding", "{12345678-962F-4507-B7E3-52279842BB82}"
	ProjectSection(SolutionItems) = preProject
		onboarding\copilot-personality.md = onboarding\copilot-personality.md
		onboarding\README.md = onboarding\README.md
		onboarding\retro-easter-eggs.md = onboarding\retro-easter-eggs.md
		onboarding\setup-guide.md = onboarding\setup-guide.md
		onboarding\troubleshooting.md = onboarding\troubleshooting.md
		onboarding\workspace-presets.ps1 = onboarding\workspace-presets.ps1
	EndProjectSection
EndProject
Project("{2150E333-8FDC-42A3-9474-1A3956D46DE8}") = "tests", "tests", "{7F4C6E06-962F-4507-B7E3-52279842BB82}"
	ProjectSection(SolutionItems) = preProject
		tests\Directory.Build.props = tests\Directory.Build.props
	EndProjectSection
EndProject
Project("{2150E333-8FDC-42A3-9474-1A3956D46DE8}") = "src", "src", "{827E0CD3-B72D-47B6-A68D-7590B98EB39B}"
EndProject
Project("{FAE04EC0-301F-11D3-BF4B-00C04F79EFBC}") = "CorePolicyEngine", "src\CorePolicyEngine\CorePolicyEngine.csproj", "{72D9131D-B8BA-4788-802D-F4ADF4921274}"
EndProject
Project("{FAE04EC0-301F-11D3-BF4B-00C04F79EFBC}") = "EnterpriseDashboard", "src\EnterpriseDashboard\EnterpriseDashboard.csproj", "{FCDF3DD0-C9F7-4F7B-A792-E1686C28324B}"
EndProject
Project("{FAE04EC0-301F-11D3-BF4B-00C04F79EFBC}") = "Security", "src\Security\Security.csproj", "{C864BABA-9C22-4626-9A63-7C062BBE7497}"
EndProject
Project("{2150E333-8FDC-42A3-9474-1A3956D46DE8}") = "Solution Items", "Solution Items", "{8EC462FD-D22E-90A8-E5CE-7E832BA40C5D}"
	ProjectSection(SolutionItems) = preProject
		.editorconfig = .editorconfig
		.gitignore = .gitignore
		control-lexicon.md = control-lexicon.md
		global.json = global.json
		.github\obsolete-copilot-instructions.md = .github\obsolete-copilot-instructions.md
		README.md = README.md
	EndProjectSection
EndProject
Project("{2150E333-8FDC-42A3-9474-1A3956D46DE8}") = "docs", "docs", "{96061940-41CD-4A25-A924-353A325559AE}"
	ProjectSection(SolutionItems) = preProject
		docs\ARCHITECTURE.md = docs\ARCHITECTURE.md
		docs\BehaviorSettingsRegistry.md = docs\BehaviorSettingsRegistry.md
		docs\ConfigSettings.md = docs\ConfigSettings.md
		docs\DOCUMENTATION_VERSION_MANIFEST.md = docs\DOCUMENTATION_VERSION_MANIFEST.md
		docs\LOCALIZATION_STEPS_TEMP.md = docs\LOCALIZATION_STEPS_TEMP.md
		docs\Log-file-interface-design.md = docs\Log-file-interface-design.md
		docs\PhaseOne.md = docs\PhaseOne.md
		docs\Resource strategy.md = docs\Resource strategy.md
		docs\SECURITY-HARDENING.md = docs\SECURITY-HARDENING.md
		docs\WinUITheming.md = docs\WinUITheming.md
	EndProjectSection
EndProject
Project("{00D1A9C2-B5F0-4AF3-8072-F6C62B433612}") = "ITCompanionDB", "src\ITCompanionDB\ITCompanionDB.sqlproj", "{37E5EDDF-6E13-4477-8563-5145D0267C82}"
EndProject
Project("{FAE04EC0-301F-11D3-BF4B-00C04F79EFBC}") = "SelfHealingPolicyEngine", "src\SelfHealingPolicyEngine\SelfHealingPolicyEngine.csproj", "{AACD30B5-90ED-8A94-9FDE-EC644A211F70}"
EndProject
Project("{FAE04EC0-301F-11D3-BF4B-00C04F79EFBC}") = "ClientShared", "src\ClientShared\ClientShared.csproj", "{70046E05-0662-C8C5-523B-92D0C5A7DF40}"
EndProject
Project("{FAE04EC0-301F-11D3-BF4B-00C04F79EFBC}") = "ITCompanionClient", "src\ITCompanionClient\ITCompanionClient.csproj", "{0B0D8BFA-5455-A25F-13B4-88D30C460BE5}"
EndProject
Project("{FAE04EC0-301F-11D3-BF4B-00C04F79EFBC}") = "ClientShared.Tests", "tests\ClientShared.Tests\ClientShared.Tests.csproj", "{82B61958-6798-5EA0-D322-696259929F44}"
EndProject
Project("{FAE04EC0-301F-11D3-BF4B-00C04F79EFBC}") = "CorePolicyEngine.Tests", "tests\CorePolicyEngine.Tests\CorePolicyEngine.Tests.csproj", "{CCE09A87-FEAC-8149-DDDE-4AEBDD0E8308}"
EndProject
Project("{FAE04EC0-301F-11D3-BF4B-00C04F79EFBC}") = "EnterpriseDashboard.Tests", "tests\EnterpriseDashboard.Tests\EnterpriseDashboard.Tests.csproj", "{D3F7FA10-14A6-C15B-D414-51951A3C6C0E}"
EndProject
Project("{FAE04EC0-301F-11D3-BF4B-00C04F79EFBC}") = "ITCompanionClient.Tests", "tests\ITCompanionClient.Tests\ITCompanionClient.Tests.csproj", "{42E939DB-1D22-7113-B89E-E30F7345AD56}"
EndProject
Project("{FAE04EC0-301F-11D3-BF4B-00C04F79EFBC}") = "Security.Tests", "tests\Security.Tests\Security.Tests.csproj", "{93D3AC51-B211-0860-F05A-E958DD41EA36}"
EndProject
Project("{FAE04EC0-301F-11D3-BF4B-00C04F79EFBC}") = "SelfHealingPolicyEngine.Tests", "tests\SelfHealingPolicyEngine.Tests\SelfHealingPolicyEngine.Tests.csproj", "{B7F70DCF-844F-F876-284A-2EBE47D3B4D5}"
EndProject
Project("{FAE04EC0-301F-11D3-BF4B-00C04F79EFBC}") = "Shared.Tests", "tests\Shared.Tests\Shared.Tests.csproj", "{21EB3E7C-4CB0-42C4-937E-21323A1A53C3}"
EndProject
Project("{2150E333-8FDC-42A3-9474-1A3956D46DE8}") = ".github", ".github", "{02EA681E-C7D8-13C7-8484-4AC65E1B71E8}"
	ProjectSection(SolutionItems) = preProject
		.github\CODEOWNERS = .github\CODEOWNERS
		.github\copilot-instructions.md = .github\copilot-instructions.md
		.github\dependabot.yml = .github\dependabot.yml
		.github\SECURITY.md = .github\SECURITY.md
	EndProjectSection
EndProject
Project("{2150E333-8FDC-42A3-9474-1A3956D46DE8}") = "coverage", "coverage", "{8CE98FA9-ED47-4E3C-A52A-439D94F9B189}"
EndProject
Project("{2150E333-8FDC-42A3-9474-1A3956D46DE8}") = "workflows", "workflows", "{57A943B1-7C8B-40F3-B308-155D676DCF48}"
	ProjectSection(SolutionItems) = preProject
		.github\workflows\doc-version-validation.yml = .github\workflows\doc-version-validation.yml
		.github\workflows\dotnet-ci.yml = .github\workflows\dotnet-ci.yml
		.github\workflows\dotnet.yml = .github\workflows\dotnet.yml
	EndProjectSection
EndProject
Global
	GlobalSection(SolutionConfigurationPlatforms) = preSolution
		Debug|Any CPU = Debug|Any CPU
		Debug|x64 = Debug|x64
		Debug|x86 = Debug|x86
		Release|Any CPU = Release|Any CPU
		Release|x64 = Release|x64
		Release|x86 = Release|x86
	EndGlobalSection
	GlobalSection(ProjectConfigurationPlatforms) = postSolution
		{72D9131D-B8BA-4788-802D-F4ADF4921274}.Debug|Any CPU.ActiveCfg = Debug|Any CPU
		{72D9131D-B8BA-4788-802D-F4ADF4921274}.Debug|Any CPU.Build.0 = Debug|Any CPU
		{72D9131D-B8BA-4788-802D-F4ADF4921274}.Debug|x64.ActiveCfg = Debug|Any CPU
		{72D9131D-B8BA-4788-802D-F4ADF4921274}.Debug|x64.Build.0 = Debug|Any CPU
		{72D9131D-B8BA-4788-802D-F4ADF4921274}.Debug|x86.ActiveCfg = Debug|Any CPU
		{72D9131D-B8BA-4788-802D-F4ADF4921274}.Debug|x86.Build.0 = Debug|Any CPU
		{72D9131D-B8BA-4788-802D-F4ADF4921274}.Release|Any CPU.ActiveCfg = Release|Any CPU
		{72D9131D-B8BA-4788-802D-F4ADF4921274}.Release|Any CPU.Build.0 = Release|Any CPU
		{72D9131D-B8BA-4788-802D-F4ADF4921274}.Release|x64.ActiveCfg = Release|Any CPU
		{72D9131D-B8BA-4788-802D-F4ADF4921274}.Release|x64.Build.0 = Release|Any CPU
		{72D9131D-B8BA-4788-802D-F4ADF4921274}.Release|x86.ActiveCfg = Release|Any CPU
		{72D9131D-B8BA-4788-802D-F4ADF4921274}.Release|x86.Build.0 = Release|Any CPU
		{FCDF3DD0-C9F7-4F7B-A792-E1686C28324B}.Debug|Any CPU.ActiveCfg = Debug|Any CPU
		{FCDF3DD0-C9F7-4F7B-A792-E1686C28324B}.Debug|Any CPU.Build.0 = Debug|Any CPU
		{FCDF3DD0-C9F7-4F7B-A792-E1686C28324B}.Debug|x64.ActiveCfg = Debug|Any CPU
		{FCDF3DD0-C9F7-4F7B-A792-E1686C28324B}.Debug|x64.Build.0 = Debug|Any CPU
		{FCDF3DD0-C9F7-4F7B-A792-E1686C28324B}.Debug|x86.ActiveCfg = Debug|Any CPU
		{FCDF3DD0-C9F7-4F7B-A792-E1686C28324B}.Debug|x86.Build.0 = Debug|Any CPU
		{FCDF3DD0-C9F7-4F7B-A792-E1686C28324B}.Release|Any CPU.ActiveCfg = Release|Any CPU
		{FCDF3DD0-C9F7-4F7B-A792-E1686C28324B}.Release|Any CPU.Build.0 = Release|Any CPU
		{FCDF3DD0-C9F7-4F7B-A792-E1686C28324B}.Release|x64.ActiveCfg = Release|Any CPU
		{FCDF3DD0-C9F7-4F7B-A792-E1686C28324B}.Release|x64.Build.0 = Release|Any CPU
		{FCDF3DD0-C9F7-4F7B-A792-E1686C28324B}.Release|x86.ActiveCfg = Release|Any CPU
		{FCDF3DD0-C9F7-4F7B-A792-E1686C28324B}.Release|x86.Build.0 = Release|Any CPU
		{C864BABA-9C22-4626-9A63-7C062BBE7497}.Debug|Any CPU.ActiveCfg = Debug|Any CPU
		{C864BABA-9C22-4626-9A63-7C062BBE7497}.Debug|Any CPU.Build.0 = Debug|Any CPU
		{C864BABA-9C22-4626-9A63-7C062BBE7497}.Debug|x64.ActiveCfg = Debug|Any CPU
		{C864BABA-9C22-4626-9A63-7C062BBE7497}.Debug|x64.Build.0 = Debug|Any CPU
		{C864BABA-9C22-4626-9A63-7C062BBE7497}.Debug|x86.ActiveCfg = Debug|Any CPU
		{C864BABA-9C22-4626-9A63-7C062BBE7497}.Debug|x86.Build.0 = Debug|Any CPU
		{C864BABA-9C22-4626-9A63-7C062BBE7497}.Release|Any CPU.ActiveCfg = Release|Any CPU
		{C864BABA-9C22-4626-9A63-7C062BBE7497}.Release|Any CPU.Build.0 = Release|Any CPU
		{C864BABA-9C22-4626-9A63-7C062BBE7497}.Release|x64.ActiveCfg = Release|Any CPU
		{C864BABA-9C22-4626-9A63-7C062BBE7497}.Release|x64.Build.0 = Release|Any CPU
		{C864BABA-9C22-4626-9A63-7C062BBE7497}.Release|x86.ActiveCfg = Release|Any CPU
		{C864BABA-9C22-4626-9A63-7C062BBE7497}.Release|x86.Build.0 = Release|Any CPU
		{37E5EDDF-6E13-4477-8563-5145D0267C82}.Debug|Any CPU.ActiveCfg = Debug|Any CPU
		{37E5EDDF-6E13-4477-8563-5145D0267C82}.Debug|x64.ActiveCfg = Debug|Any CPU
		{37E5EDDF-6E13-4477-8563-5145D0267C82}.Debug|x86.ActiveCfg = Debug|Any CPU
		{37E5EDDF-6E13-4477-8563-5145D0267C82}.Release|Any CPU.ActiveCfg = Release|Any CPU
		{37E5EDDF-6E13-4477-8563-5145D0267C82}.Release|x64.ActiveCfg = Release|Any CPU
		{37E5EDDF-6E13-4477-8563-5145D0267C82}.Release|x86.ActiveCfg = Release|Any CPU
		{AACD30B5-90ED-8A94-9FDE-EC644A211F70}.Debug|Any CPU.ActiveCfg = Debug|Any CPU
		{AACD30B5-90ED-8A94-9FDE-EC644A211F70}.Debug|Any CPU.Build.0 = Debug|Any CPU
		{AACD30B5-90ED-8A94-9FDE-EC644A211F70}.Debug|x64.ActiveCfg = Debug|Any CPU
		{AACD30B5-90ED-8A94-9FDE-EC644A211F70}.Debug|x64.Build.0 = Debug|Any CPU
		{AACD30B5-90ED-8A94-9FDE-EC644A211F70}.Debug|x86.ActiveCfg = Debug|Any CPU
		{AACD30B5-90ED-8A94-9FDE-EC644A211F70}.Debug|x86.Build.0 = Debug|Any CPU
		{AACD30B5-90ED-8A94-9FDE-EC644A211F70}.Release|Any CPU.ActiveCfg = Release|Any CPU
		{AACD30B5-90ED-8A94-9FDE-EC644A211F70}.Release|Any CPU.Build.0 = Release|Any CPU
		{AACD30B5-90ED-8A94-9FDE-EC644A211F70}.Release|x64.ActiveCfg = Release|Any CPU
		{AACD30B5-90ED-8A94-9FDE-EC644A211F70}.Release|x64.Build.0 = Release|Any CPU
		{AACD30B5-90ED-8A94-9FDE-EC644A211F70}.Release|x86.ActiveCfg = Release|Any CPU
		{AACD30B5-90ED-8A94-9FDE-EC644A211F70}.Release|x86.Build.0 = Release|Any CPU
		{70046E05-0662-C8C5-523B-92D0C5A7DF40}.Debug|Any CPU.ActiveCfg = Debug|Any CPU
		{70046E05-0662-C8C5-523B-92D0C5A7DF40}.Debug|Any CPU.Build.0 = Debug|Any CPU
		{70046E05-0662-C8C5-523B-92D0C5A7DF40}.Debug|x64.ActiveCfg = Debug|Any CPU
		{70046E05-0662-C8C5-523B-92D0C5A7DF40}.Debug|x64.Build.0 = Debug|Any CPU
		{70046E05-0662-C8C5-523B-92D0C5A7DF40}.Debug|x86.ActiveCfg = Debug|Any CPU
		{70046E05-0662-C8C5-523B-92D0C5A7DF40}.Debug|x86.Build.0 = Debug|Any CPU
		{70046E05-0662-C8C5-523B-92D0C5A7DF40}.Release|Any CPU.ActiveCfg = Release|Any CPU
		{70046E05-0662-C8C5-523B-92D0C5A7DF40}.Release|Any CPU.Build.0 = Release|Any CPU
		{70046E05-0662-C8C5-523B-92D0C5A7DF40}.Release|x64.ActiveCfg = Release|Any CPU
		{70046E05-0662-C8C5-523B-92D0C5A7DF40}.Release|x64.Build.0 = Release|Any CPU
		{70046E05-0662-C8C5-523B-92D0C5A7DF40}.Release|x86.ActiveCfg = Release|Any CPU
		{70046E05-0662-C8C5-523B-92D0C5A7DF40}.Release|x86.Build.0 = Release|Any CPU
		{0B0D8BFA-5455-A25F-13B4-88D30C460BE5}.Debug|Any CPU.ActiveCfg = Debug|x64
		{0B0D8BFA-5455-A25F-13B4-88D30C460BE5}.Debug|Any CPU.Build.0 = Debug|x64
		{0B0D8BFA-5455-A25F-13B4-88D30C460BE5}.Debug|Any CPU.Deploy.0 = Debug|x64
		{0B0D8BFA-5455-A25F-13B4-88D30C460BE5}.Debug|x64.ActiveCfg = Debug|x64
		{0B0D8BFA-5455-A25F-13B4-88D30C460BE5}.Debug|x64.Build.0 = Debug|x64
		{0B0D8BFA-5455-A25F-13B4-88D30C460BE5}.Debug|x64.Deploy.0 = Debug|x64
		{0B0D8BFA-5455-A25F-13B4-88D30C460BE5}.Debug|x86.ActiveCfg = Debug|x86
		{0B0D8BFA-5455-A25F-13B4-88D30C460BE5}.Debug|x86.Build.0 = Debug|x86
		{0B0D8BFA-5455-A25F-13B4-88D30C460BE5}.Debug|x86.Deploy.0 = Debug|x86
		{0B0D8BFA-5455-A25F-13B4-88D30C460BE5}.Release|Any CPU.ActiveCfg = Release|x64
		{0B0D8BFA-5455-A25F-13B4-88D30C460BE5}.Release|Any CPU.Build.0 = Release|x64
		{0B0D8BFA-5455-A25F-13B4-88D30C460BE5}.Release|Any CPU.Deploy.0 = Release|x64
		{0B0D8BFA-5455-A25F-13B4-88D30C460BE5}.Release|x64.ActiveCfg = Release|x64
		{0B0D8BFA-5455-A25F-13B4-88D30C460BE5}.Release|x64.Build.0 = Release|x64
		{0B0D8BFA-5455-A25F-13B4-88D30C460BE5}.Release|x64.Deploy.0 = Release|x64
		{0B0D8BFA-5455-A25F-13B4-88D30C460BE5}.Release|x86.ActiveCfg = Release|x86
		{0B0D8BFA-5455-A25F-13B4-88D30C460BE5}.Release|x86.Build.0 = Release|x86
		{0B0D8BFA-5455-A25F-13B4-88D30C460BE5}.Release|x86.Deploy.0 = Release|x86
		{82B61958-6798-5EA0-D322-696259929F44}.Debug|Any CPU.ActiveCfg = Debug|Any CPU
		{82B61958-6798-5EA0-D322-696259929F44}.Debug|Any CPU.Build.0 = Debug|Any CPU
		{82B61958-6798-5EA0-D322-696259929F44}.Debug|x64.ActiveCfg = Debug|Any CPU
		{82B61958-6798-5EA0-D322-696259929F44}.Debug|x86.ActiveCfg = Debug|Any CPU
		{82B61958-6798-5EA0-D322-696259929F44}.Debug|x86.Build.0 = Debug|Any CPU
		{82B61958-6798-5EA0-D322-696259929F44}.Release|Any CPU.ActiveCfg = Release|Any CPU
		{82B61958-6798-5EA0-D322-696259929F44}.Release|Any CPU.Build.0 = Release|Any CPU
		{82B61958-6798-5EA0-D322-696259929F44}.Release|x64.ActiveCfg = Release|Any CPU
		{82B61958-6798-5EA0-D322-696259929F44}.Release|x64.Build.0 = Release|Any CPU
		{82B61958-6798-5EA0-D322-696259929F44}.Release|x86.ActiveCfg = Release|Any CPU
		{82B61958-6798-5EA0-D322-696259929F44}.Release|x86.Build.0 = Release|Any CPU
		{CCE09A87-FEAC-8149-DDDE-4AEBDD0E8308}.Debug|Any CPU.ActiveCfg = Debug|Any CPU
		{CCE09A87-FEAC-8149-DDDE-4AEBDD0E8308}.Debug|Any CPU.Build.0 = Debug|Any CPU
		{CCE09A87-FEAC-8149-DDDE-4AEBDD0E8308}.Debug|x64.ActiveCfg = Debug|Any CPU
		{CCE09A87-FEAC-8149-DDDE-4AEBDD0E8308}.Debug|x86.ActiveCfg = Debug|Any CPU
		{CCE09A87-FEAC-8149-DDDE-4AEBDD0E8308}.Debug|x86.Build.0 = Debug|Any CPU
		{CCE09A87-FEAC-8149-DDDE-4AEBDD0E8308}.Release|Any CPU.ActiveCfg = Release|Any CPU
		{CCE09A87-FEAC-8149-DDDE-4AEBDD0E8308}.Release|Any CPU.Build.0 = Release|Any CPU
		{CCE09A87-FEAC-8149-DDDE-4AEBDD0E8308}.Release|x64.ActiveCfg = Release|Any CPU
		{CCE09A87-FEAC-8149-DDDE-4AEBDD0E8308}.Release|x64.Build.0 = Release|Any CPU
		{CCE09A87-FEAC-8149-DDDE-4AEBDD0E8308}.Release|x86.ActiveCfg = Release|Any CPU
		{CCE09A87-FEAC-8149-DDDE-4AEBDD0E8308}.Release|x86.Build.0 = Release|Any CPU
		{D3F7FA10-14A6-C15B-D414-51951A3C6C0E}.Debug|Any CPU.ActiveCfg = Debug|Any CPU
		{D3F7FA10-14A6-C15B-D414-51951A3C6C0E}.Debug|Any CPU.Build.0 = Debug|Any CPU
		{D3F7FA10-14A6-C15B-D414-51951A3C6C0E}.Debug|x64.ActiveCfg = Debug|Any CPU
		{D3F7FA10-14A6-C15B-D414-51951A3C6C0E}.Debug|x86.ActiveCfg = Debug|Any CPU
		{D3F7FA10-14A6-C15B-D414-51951A3C6C0E}.Debug|x86.Build.0 = Debug|Any CPU
		{D3F7FA10-14A6-C15B-D414-51951A3C6C0E}.Release|Any CPU.ActiveCfg = Release|Any CPU
		{D3F7FA10-14A6-C15B-D414-51951A3C6C0E}.Release|Any CPU.Build.0 = Release|Any CPU
		{D3F7FA10-14A6-C15B-D414-51951A3C6C0E}.Release|x64.ActiveCfg = Release|Any CPU
		{D3F7FA10-14A6-C15B-D414-51951A3C6C0E}.Release|x64.Build.0 = Release|Any CPU
		{D3F7FA10-14A6-C15B-D414-51951A3C6C0E}.Release|x86.ActiveCfg = Release|Any CPU
		{D3F7FA10-14A6-C15B-D414-51951A3C6C0E}.Release|x86.Build.0 = Release|Any CPU
		{42E939DB-1D22-7113-B89E-E30F7345AD56}.Debug|Any CPU.ActiveCfg = Debug|Any CPU
		{42E939DB-1D22-7113-B89E-E30F7345AD56}.Debug|Any CPU.Build.0 = Debug|Any CPU
		{42E939DB-1D22-7113-B89E-E30F7345AD56}.Debug|x64.ActiveCfg = Debug|Any CPU
		{42E939DB-1D22-7113-B89E-E30F7345AD56}.Debug|x86.ActiveCfg = Debug|Any CPU
		{42E939DB-1D22-7113-B89E-E30F7345AD56}.Debug|x86.Build.0 = Debug|Any CPU
		{42E939DB-1D22-7113-B89E-E30F7345AD56}.Release|Any CPU.ActiveCfg = Release|Any CPU
		{42E939DB-1D22-7113-B89E-E30F7345AD56}.Release|Any CPU.Build.0 = Release|Any CPU
		{42E939DB-1D22-7113-B89E-E30F7345AD56}.Release|x64.ActiveCfg = Release|Any CPU
		{42E939DB-1D22-7113-B89E-E30F7345AD56}.Release|x64.Build.0 = Release|Any CPU
		{42E939DB-1D22-7113-B89E-E30F7345AD56}.Release|x86.ActiveCfg = Release|Any CPU
		{42E939DB-1D22-7113-B89E-E30F7345AD56}.Release|x86.Build.0 = Release|Any CPU
		{93D3AC51-B211-0860-F05A-E958DD41EA36}.Debug|Any CPU.ActiveCfg = Debug|Any CPU
		{93D3AC51-B211-0860-F05A-E958DD41EA36}.Debug|Any CPU.Build.0 = Debug|Any CPU
		{93D3AC51-B211-0860-F05A-E958DD41EA36}.Debug|x64.ActiveCfg = Debug|Any CPU
		{93D3AC51-B211-0860-F05A-E958DD41EA36}.Debug|x86.ActiveCfg = Debug|Any CPU
		{93D3AC51-B211-0860-F05A-E958DD41EA36}.Debug|x86.Build.0 = Debug|Any CPU
		{93D3AC51-B211-0860-F05A-E958DD41EA36}.Release|Any CPU.ActiveCfg = Release|Any CPU
		{93D3AC51-B211-0860-F05A-E958DD41EA36}.Release|Any CPU.Build.0 = Release|Any CPU
		{93D3AC51-B211-0860-F05A-E958DD41EA36}.Release|x64.ActiveCfg = Release|Any CPU
		{93D3AC51-B211-0860-F05A-E958DD41EA36}.Release|x64.Build.0 = Release|Any CPU
		{93D3AC51-B211-0860-F05A-E958DD41EA36}.Release|x86.ActiveCfg = Release|Any CPU
		{93D3AC51-B211-0860-F05A-E958DD41EA36}.Release|x86.Build.0 = Release|Any CPU
		{B7F70DCF-844F-F876-284A-2EBE47D3B4D5}.Debug|Any CPU.ActiveCfg = Debug|Any CPU
		{B7F70DCF-844F-F876-284A-2EBE47D3B4D5}.Debug|Any CPU.Build.0 = Debug|Any CPU
		{B7F70DCF-844F-F876-284A-2EBE47D3B4D5}.Debug|x64.ActiveCfg = Debug|Any CPU
		{B7F70DCF-844F-F876-284A-2EBE47D3B4D5}.Debug|x86.ActiveCfg = Debug|Any CPU
		{B7F70DCF-844F-F876-284A-2EBE47D3B4D5}.Debug|x86.Build.0 = Debug|Any CPU
		{B7F70DCF-844F-F876-284A-2EBE47D3B4D5}.Release|Any CPU.ActiveCfg = Release|Any CPU
		{B7F70DCF-844F-F876-284A-2EBE47D3B4D5}.Release|Any CPU.Build.0 = Release|Any CPU
		{B7F70DCF-844F-F876-284A-2EBE47D3B4D5}.Release|x64.ActiveCfg = Release|Any CPU
		{B7F70DCF-844F-F876-284A-2EBE47D3B4D5}.Release|x64.Build.0 = Release|Any CPU
		{B7F70DCF-844F-F876-284A-2EBE47D3B4D5}.Release|x86.ActiveCfg = Release|Any CPU
		{B7F70DCF-844F-F876-284A-2EBE47D3B4D5}.Release|x86.Build.0 = Release|Any CPU
		{21EB3E7C-4CB0-42C4-937E-21323A1A53C3}.Debug|Any CPU.ActiveCfg = Debug|Any CPU
		{21EB3E7C-4CB0-42C4-937E-21323A1A53C3}.Debug|Any CPU.Build.0 = Debug|Any CPU
		{21EB3E7C-4CB0-42C4-937E-21323A1A53C3}.Debug|x64.ActiveCfg = Debug|Any CPU
		{21EB3E7C-4CB0-42C4-937E-21323A1A53C3}.Debug|x86.ActiveCfg = Debug|Any CPU
		{21EB3E7C-4CB0-42C4-937E-21323A1A53C3}.Debug|x86.Build.0 = Debug|Any CPU
		{21EB3E7C-4CB0-42C4-937E-21323A1A53C3}.Release|Any CPU.ActiveCfg = Release|Any CPU
		{21EB3E7C-4CB0-42C4-937E-21323A1A53C3}.Release|Any CPU.Build.0 = Release|Any CPU
		{21EB3E7C-4CB0-42C4-937E-21323A1A53C3}.Release|x64.ActiveCfg = Release|Any CPU
		{21EB3E7C-4CB0-42C4-937E-21323A1A53C3}.Release|x64.Build.0 = Release|Any CPU
		{21EB3E7C-4CB0-42C4-937E-21323A1A53C3}.Release|x86.ActiveCfg = Release|Any CPU
		{21EB3E7C-4CB0-42C4-937E-21323A1A53C3}.Release|x86.Build.0 = Release|Any CPU
	EndGlobalSection
	GlobalSection(SolutionProperties) = preSolution
		HideSolutionNode = FALSE
	EndGlobalSection
	GlobalSection(NestedProjects) = preSolution
		{72D9131D-B8BA-4788-802D-F4ADF4921274} = {827E0CD3-B72D-47B6-A68D-7590B98EB39B}
		{FCDF3DD0-C9F7-4F7B-A792-E1686C28324B} = {827E0CD3-B72D-47B6-A68D-7590B98EB39B}
		{C864BABA-9C22-4626-9A63-7C062BBE7497} = {827E0CD3-B72D-47B6-A68D-7590B98EB39B}
		{37E5EDDF-6E13-4477-8563-5145D0267C82} = {827E0CD3-B72D-47B6-A68D-7590B98EB39B}
		{AACD30B5-90ED-8A94-9FDE-EC644A211F70} = {827E0CD3-B72D-47B6-A68D-7590B98EB39B}
		{70046E05-0662-C8C5-523B-92D0C5A7DF40} = {827E0CD3-B72D-47B6-A68D-7590B98EB39B}
		{0B0D8BFA-5455-A25F-13B4-88D30C460BE5} = {827E0CD3-B72D-47B6-A68D-7590B98EB39B}
		{82B61958-6798-5EA0-D322-696259929F44} = {7F4C6E06-962F-4507-B7E3-52279842BB82}
		{CCE09A87-FEAC-8149-DDDE-4AEBDD0E8308} = {7F4C6E06-962F-4507-B7E3-52279842BB82}
		{D3F7FA10-14A6-C15B-D414-51951A3C6C0E} = {7F4C6E06-962F-4507-B7E3-52279842BB82}
		{42E939DB-1D22-7113-B89E-E30F7345AD56} = {7F4C6E06-962F-4507-B7E3-52279842BB82}
		{93D3AC51-B211-0860-F05A-E958DD41EA36} = {7F4C6E06-962F-4507-B7E3-52279842BB82}
		{B7F70DCF-844F-F876-284A-2EBE47D3B4D5} = {7F4C6E06-962F-4507-B7E3-52279842BB82}
		{21EB3E7C-4CB0-42C4-937E-21323A1A53C3} = {7F4C6E06-962F-4507-B7E3-52279842BB82}
		{57A943B1-7C8B-40F3-B308-155D676DCF48} = {02EA681E-C7D8-13C7-8484-4AC65E1B71E8}
	EndGlobalSection
	GlobalSection(ExtensibilityGlobals) = postSolution
		SolutionGuid = {05B8EB68-E610-4318-9C6F-13F6DC0C6D71}
	EndGlobalSection
EndGlobal
